// !$*UTF8*$!
{
	archiveVersion = 1;
	classes = {
	};
	objectVersion = 50;
	objects = {

/* Begin PBXBuildFile section */
		6125F4D84675E728DB0C4AF4 /* Pods_1Ramp.framework in Frameworks */ = {isa = PBXBuildFile; fileRef = 1D5A36680D9162A7E4CAA76B /* Pods_1Ramp.framework */; };
		BC0AF40C21DA142300D84EDB /* MainController.swift in Sources */ = {isa = PBXBuildFile; fileRef = BC0AF40B21DA142300D84EDB /* MainController.swift */; };
		BC0AF40E21DA157600D84EDB /* ContestViewController.swift in Sources */ = {isa = PBXBuildFile; fileRef = BC0AF40D21DA157600D84EDB /* ContestViewController.swift */; };
		BC0AF41021DA159E00D84EDB /* ProfileViewController.swift in Sources */ = {isa = PBXBuildFile; fileRef = BC0AF40F21DA159E00D84EDB /* ProfileViewController.swift */; };
		BC0AF41221DA15BD00D84EDB /* SettingsViewController.swift in Sources */ = {isa = PBXBuildFile; fileRef = BC0AF41121DA15BD00D84EDB /* SettingsViewController.swift */; };
		BC0AF41421DA202A00D84EDB /* AddButtonController.swift in Sources */ = {isa = PBXBuildFile; fileRef = BC0AF41321DA202A00D84EDB /* AddButtonController.swift */; };
		BC12A67821D22CA600A33112 /* AppDelegate.swift in Sources */ = {isa = PBXBuildFile; fileRef = BC12A67721D22CA600A33112 /* AppDelegate.swift */; };
		BC12A67A21D22CA600A33112 /* LoginViewController.swift in Sources */ = {isa = PBXBuildFile; fileRef = BC12A67921D22CA600A33112 /* LoginViewController.swift */; };
		BC12A67F21D22CA800A33112 /* Assets.xcassets in Resources */ = {isa = PBXBuildFile; fileRef = BC12A67E21D22CA800A33112 /* Assets.xcassets */; };
		BC12A68221D22CA800A33112 /* LaunchScreen.storyboard in Resources */ = {isa = PBXBuildFile; fileRef = BC12A68021D22CA800A33112 /* LaunchScreen.storyboard */; };
		BC12A68D21D22CA800A33112 /* _RampTests.swift in Sources */ = {isa = PBXBuildFile; fileRef = BC12A68C21D22CA800A33112 /* _RampTests.swift */; };
		BC12A69921D23E6400A33112 /* SplashController.swift in Sources */ = {isa = PBXBuildFile; fileRef = BC12A69821D23E6400A33112 /* SplashController.swift */; };
		BC12A69C21D2447C00A33112 /* Colors.swift in Sources */ = {isa = PBXBuildFile; fileRef = BC12A69B21D2447C00A33112 /* Colors.swift */; };
		BC12A69E21D2451100A33112 /* Extensions.swift in Sources */ = {isa = PBXBuildFile; fileRef = BC12A69D21D2451100A33112 /* Extensions.swift */; };
		BC12A6A021D24C1A00A33112 /* HomeViewController.swift in Sources */ = {isa = PBXBuildFile; fileRef = BC12A69F21D24C1A00A33112 /* HomeViewController.swift */; };
		BC1D5C5421F9887100187706 /* HorizontalInterestsFilterView.swift in Sources */ = {isa = PBXBuildFile; fileRef = BC1D5C5321F9887100187706 /* HorizontalInterestsFilterView.swift */; };
		BC1D5C5621F9889100187706 /* BaseCustomUIView.swift in Sources */ = {isa = PBXBuildFile; fileRef = BC1D5C5521F9889100187706 /* BaseCustomUIView.swift */; };
		BC1D5C5821F990DE00187706 /* HorizontalInterestFilterCollectionViewCell.swift in Sources */ = {isa = PBXBuildFile; fileRef = BC1D5C5721F990DE00187706 /* HorizontalInterestFilterCollectionViewCell.swift */; };
		BC1D5C5A21F9C06E00187706 /* DefaultHomeInterestFilters.swift in Sources */ = {isa = PBXBuildFile; fileRef = BC1D5C5921F9C06E00187706 /* DefaultHomeInterestFilters.swift */; };
		BC1D5C5C21F9DB3C00187706 /* HomeFilterDelegate.swift in Sources */ = {isa = PBXBuildFile; fileRef = BC1D5C5B21F9DB3C00187706 /* HomeFilterDelegate.swift */; };
		BC1D5C5E21F9FD4400187706 /* FeedCollectionViewCell.swift in Sources */ = {isa = PBXBuildFile; fileRef = BC1D5C5D21F9FD4400187706 /* FeedCollectionViewCell.swift */; };
		BC3A3E2721F845EF00D3E9AF /* CustomTabBarController.swift in Sources */ = {isa = PBXBuildFile; fileRef = BC3A3E2621F845EF00D3E9AF /* CustomTabBarController.swift */; };
		BC3A3E2921F852A000D3E9AF /* CustomTabItem.swift in Sources */ = {isa = PBXBuildFile; fileRef = BC3A3E2821F852A000D3E9AF /* CustomTabItem.swift */; };
		BC3A3E2B21F85A3300D3E9AF /* CustomTabDelegate.swift in Sources */ = {isa = PBXBuildFile; fileRef = BC3A3E2A21F85A3300D3E9AF /* CustomTabDelegate.swift */; };
		BC3A3E2D21F860C900D3E9AF /* PlusTabItem.swift in Sources */ = {isa = PBXBuildFile; fileRef = BC3A3E2C21F860C900D3E9AF /* PlusTabItem.swift */; };
		BC3A3E2F21F892C100D3E9AF /* HomeActionBarView.swift in Sources */ = {isa = PBXBuildFile; fileRef = BC3A3E2E21F892C100D3E9AF /* HomeActionBarView.swift */; };
		BC3A3E3121F8A19200D3E9AF /* SettingsViewController+handlers.swift in Sources */ = {isa = PBXBuildFile; fileRef = BC3A3E3021F8A19200D3E9AF /* SettingsViewController+handlers.swift */; };
		BC47D7EA21D4D671007127F8 /* LoginViewController+Handlers.swift in Sources */ = {isa = PBXBuildFile; fileRef = BC47D7E921D4D671007127F8 /* LoginViewController+Handlers.swift */; };
		BC47D7ED21D510E3007127F8 /* Endpoints.swift in Sources */ = {isa = PBXBuildFile; fileRef = BC47D7EC21D510E3007127F8 /* Endpoints.swift */; };
		BC58A2AD21D5F6F400870F24 /* User.swift in Sources */ = {isa = PBXBuildFile; fileRef = BC58A2AC21D5F6F400870F24 /* User.swift */; };
		BC58A2AF21D5F74700870F24 /* Interest.swift in Sources */ = {isa = PBXBuildFile; fileRef = BC58A2AE21D5F74700870F24 /* Interest.swift */; };
		BC58A2B121D5F93200870F24 /* MicroCommunity.swift in Sources */ = {isa = PBXBuildFile; fileRef = BC58A2B021D5F93200870F24 /* MicroCommunity.swift */; };
		BC58A2B621D6014A00870F24 /* ApiRequests.swift in Sources */ = {isa = PBXBuildFile; fileRef = BC58A2B521D6014A00870F24 /* ApiRequests.swift */; };
		BC58A2B921D6325100870F24 /* LocalData.swift in Sources */ = {isa = PBXBuildFile; fileRef = BC58A2B821D6325100870F24 /* LocalData.swift */; };
		BC58A2BC21D63F9000870F24 /* LocalUserModel.xcdatamodeld in Sources */ = {isa = PBXBuildFile; fileRef = BC58A2BA21D63F9000870F24 /* LocalUserModel.xcdatamodeld */; };
		BC58A2BE21D664EF00870F24 /* CoreDataUtils.swift in Sources */ = {isa = PBXBuildFile; fileRef = BC58A2BD21D664EF00870F24 /* CoreDataUtils.swift */; };
		BC6BA8C721D776080026EB9E /* InterestSelectionViewController.swift in Sources */ = {isa = PBXBuildFile; fileRef = BC6BA8C621D776080026EB9E /* InterestSelectionViewController.swift */; };
		BC6BA8CA21D7BE500026EB9E /* AssetsUtil.swift in Sources */ = {isa = PBXBuildFile; fileRef = BC6BA8C921D7BE500026EB9E /* AssetsUtil.swift */; };
		BC6BA8CC21D7C8CF0026EB9E /* InterestView.swift in Sources */ = {isa = PBXBuildFile; fileRef = BC6BA8CB21D7C8CF0026EB9E /* InterestView.swift */; };
		BC6BA8D121D7D1D80026EB9E /* InterestIconDelegate.swift in Sources */ = {isa = PBXBuildFile; fileRef = BC6BA8D021D7D1D80026EB9E /* InterestIconDelegate.swift */; };
		BC6BA8D321D7D61D0026EB9E /* InterestViewCollectionView.swift in Sources */ = {isa = PBXBuildFile; fileRef = BC6BA8D221D7D61D0026EB9E /* InterestViewCollectionView.swift */; };
		BC6BA8D521D7E7570026EB9E /* Dimensions.swift in Sources */ = {isa = PBXBuildFile; fileRef = BC6BA8D421D7E7570026EB9E /* Dimensions.swift */; };
		BCF1F99A21FADB3B004C0546 /* FeedItemCellShimmerView.swift in Sources */ = {isa = PBXBuildFile; fileRef = BCF1F99921FADB3B004C0546 /* FeedItemCellShimmerView.swift */; };
		BCF1F99C21FADF6F004C0546 /* FeedItemCellMock.swift in Sources */ = {isa = PBXBuildFile; fileRef = BCF1F99B21FADF6F004C0546 /* FeedItemCellMock.swift */; };
		BCF1F99E21FAE2A1004C0546 /* FeedView.swift in Sources */ = {isa = PBXBuildFile; fileRef = BCF1F99D21FAE2A1004C0546 /* FeedView.swift */; };
		BCF1F9A021FAF1CD004C0546 /* FeedListView.swift in Sources */ = {isa = PBXBuildFile; fileRef = BCF1F99F21FAF1CD004C0546 /* FeedListView.swift */; };
		BCF1F9A221FB082D004C0546 /* FeedListDelegate.swift in Sources */ = {isa = PBXBuildFile; fileRef = BCF1F9A121FB082D004C0546 /* FeedListDelegate.swift */; };
		BCF1F9A421FB23BA004C0546 /* FeedsApi.swift in Sources */ = {isa = PBXBuildFile; fileRef = BCF1F9A321FB23BA004C0546 /* FeedsApi.swift */; };
		BCF1F9A621FB23DE004C0546 /* UserApi.swift in Sources */ = {isa = PBXBuildFile; fileRef = BCF1F9A521FB23DE004C0546 /* UserApi.swift */; };
		BCF1F9A821FB253D004C0546 /* FeedModel.swift in Sources */ = {isa = PBXBuildFile; fileRef = BCF1F9A721FB253D004C0546 /* FeedModel.swift */; };
		BCF2721221D8F33E0081F666 /* InterestSelectionViewController+handlers.swift in Sources */ = {isa = PBXBuildFile; fileRef = BCF2721121D8F33E0081F666 /* InterestSelectionViewController+handlers.swift */; };
		BCF2721421D8F7EB0081F666 /* HomeViewController+handlers.swift in Sources */ = {isa = PBXBuildFile; fileRef = BCF2721321D8F7EB0081F666 /* HomeViewController+handlers.swift */; };
		BCF2E2DF21D3E21400C6A9CB /* Constants.swift in Sources */ = {isa = PBXBuildFile; fileRef = BCF2E2DE21D3E21400C6A9CB /* Constants.swift */; };
		BCF2E2E121D3E22800C6A9CB /* SCConfig.swift in Sources */ = {isa = PBXBuildFile; fileRef = BCF2E2E021D3E22800C6A9CB /* SCConfig.swift */; };
		BCF2E2E321D3E28000C6A9CB /* Operations.swift in Sources */ = {isa = PBXBuildFile; fileRef = BCF2E2E221D3E28000C6A9CB /* Operations.swift */; };
		BCF2E2E521D3E2C300C6A9CB /* Auth.swift in Sources */ = {isa = PBXBuildFile; fileRef = BCF2E2E421D3E2C300C6A9CB /* Auth.swift */; };
		BCF2E2E721D3E2D000C6A9CB /* SCConnect.swift in Sources */ = {isa = PBXBuildFile; fileRef = BCF2E2E621D3E2D000C6A9CB /* SCConnect.swift */; };
		BCF2E2EA21D3E71900C6A9CB /* ConfigKeys.swift in Sources */ = {isa = PBXBuildFile; fileRef = BCF2E2E921D3E71900C6A9CB /* ConfigKeys.swift */; };
/* End PBXBuildFile section */

/* Begin PBXContainerItemProxy section */
		BC12A68921D22CA800A33112 /* PBXContainerItemProxy */ = {
			isa = PBXContainerItemProxy;
			containerPortal = BC12A66C21D22CA600A33112 /* Project object */;
			proxyType = 1;
			remoteGlobalIDString = BC12A67321D22CA600A33112;
			remoteInfo = 1Ramp;
		};
/* End PBXContainerItemProxy section */

/* Begin PBXFileReference section */
		1D5A36680D9162A7E4CAA76B /* Pods_1Ramp.framework */ = {isa = PBXFileReference; explicitFileType = wrapper.framework; includeInIndex = 0; path = Pods_1Ramp.framework; sourceTree = BUILT_PRODUCTS_DIR; };
		7BABC91F3434B1955F6C472F /* Pods-1Ramp.debug.xcconfig */ = {isa = PBXFileReference; includeInIndex = 1; lastKnownFileType = text.xcconfig; name = "Pods-1Ramp.debug.xcconfig"; path = "Pods/Target Support Files/Pods-1Ramp/Pods-1Ramp.debug.xcconfig"; sourceTree = "<group>"; };
		92071F7823ED052A6704AF3F /* Pods-1Ramp.release.xcconfig */ = {isa = PBXFileReference; includeInIndex = 1; lastKnownFileType = text.xcconfig; name = "Pods-1Ramp.release.xcconfig"; path = "Pods/Target Support Files/Pods-1Ramp/Pods-1Ramp.release.xcconfig"; sourceTree = "<group>"; };
		BC0AF40B21DA142300D84EDB /* MainController.swift */ = {isa = PBXFileReference; lastKnownFileType = sourcecode.swift; path = MainController.swift; sourceTree = "<group>"; };
		BC0AF40D21DA157600D84EDB /* ContestViewController.swift */ = {isa = PBXFileReference; lastKnownFileType = sourcecode.swift; path = ContestViewController.swift; sourceTree = "<group>"; };
		BC0AF40F21DA159E00D84EDB /* ProfileViewController.swift */ = {isa = PBXFileReference; lastKnownFileType = sourcecode.swift; path = ProfileViewController.swift; sourceTree = "<group>"; };
		BC0AF41121DA15BD00D84EDB /* SettingsViewController.swift */ = {isa = PBXFileReference; lastKnownFileType = sourcecode.swift; path = SettingsViewController.swift; sourceTree = "<group>"; };
		BC0AF41321DA202A00D84EDB /* AddButtonController.swift */ = {isa = PBXFileReference; lastKnownFileType = sourcecode.swift; path = AddButtonController.swift; sourceTree = "<group>"; };
		BC12A67421D22CA600A33112 /* 1Ramp.app */ = {isa = PBXFileReference; explicitFileType = wrapper.application; includeInIndex = 0; path = 1Ramp.app; sourceTree = BUILT_PRODUCTS_DIR; };
		BC12A67721D22CA600A33112 /* AppDelegate.swift */ = {isa = PBXFileReference; lastKnownFileType = sourcecode.swift; path = AppDelegate.swift; sourceTree = "<group>"; };
		BC12A67921D22CA600A33112 /* LoginViewController.swift */ = {isa = PBXFileReference; lastKnownFileType = sourcecode.swift; path = LoginViewController.swift; sourceTree = "<group>"; };
		BC12A67E21D22CA800A33112 /* Assets.xcassets */ = {isa = PBXFileReference; lastKnownFileType = folder.assetcatalog; path = Assets.xcassets; sourceTree = "<group>"; };
		BC12A68121D22CA800A33112 /* Base */ = {isa = PBXFileReference; lastKnownFileType = file.storyboard; name = Base; path = Base.lproj/LaunchScreen.storyboard; sourceTree = "<group>"; };
		BC12A68321D22CA800A33112 /* Info.plist */ = {isa = PBXFileReference; lastKnownFileType = text.plist.xml; path = Info.plist; sourceTree = "<group>"; };
		BC12A68821D22CA800A33112 /* 1RampTests.xctest */ = {isa = PBXFileReference; explicitFileType = wrapper.cfbundle; includeInIndex = 0; path = 1RampTests.xctest; sourceTree = BUILT_PRODUCTS_DIR; };
		BC12A68C21D22CA800A33112 /* _RampTests.swift */ = {isa = PBXFileReference; lastKnownFileType = sourcecode.swift; path = _RampTests.swift; sourceTree = "<group>"; };
		BC12A68E21D22CA800A33112 /* Info.plist */ = {isa = PBXFileReference; lastKnownFileType = text.plist.xml; path = Info.plist; sourceTree = "<group>"; };
		BC12A69821D23E6400A33112 /* SplashController.swift */ = {isa = PBXFileReference; lastKnownFileType = sourcecode.swift; path = SplashController.swift; sourceTree = "<group>"; };
		BC12A69B21D2447C00A33112 /* Colors.swift */ = {isa = PBXFileReference; lastKnownFileType = sourcecode.swift; path = Colors.swift; sourceTree = "<group>"; };
		BC12A69D21D2451100A33112 /* Extensions.swift */ = {isa = PBXFileReference; lastKnownFileType = sourcecode.swift; path = Extensions.swift; sourceTree = "<group>"; };
		BC12A69F21D24C1A00A33112 /* HomeViewController.swift */ = {isa = PBXFileReference; lastKnownFileType = sourcecode.swift; path = HomeViewController.swift; sourceTree = "<group>"; };
		BC1D5C5321F9887100187706 /* HorizontalInterestsFilterView.swift */ = {isa = PBXFileReference; lastKnownFileType = sourcecode.swift; path = HorizontalInterestsFilterView.swift; sourceTree = "<group>"; };
		BC1D5C5521F9889100187706 /* BaseCustomUIView.swift */ = {isa = PBXFileReference; lastKnownFileType = sourcecode.swift; path = BaseCustomUIView.swift; sourceTree = "<group>"; };
		BC1D5C5721F990DE00187706 /* HorizontalInterestFilterCollectionViewCell.swift */ = {isa = PBXFileReference; lastKnownFileType = sourcecode.swift; path = HorizontalInterestFilterCollectionViewCell.swift; sourceTree = "<group>"; };
		BC1D5C5921F9C06E00187706 /* DefaultHomeInterestFilters.swift */ = {isa = PBXFileReference; lastKnownFileType = sourcecode.swift; path = DefaultHomeInterestFilters.swift; sourceTree = "<group>"; };
		BC1D5C5B21F9DB3C00187706 /* HomeFilterDelegate.swift */ = {isa = PBXFileReference; lastKnownFileType = sourcecode.swift; path = HomeFilterDelegate.swift; sourceTree = "<group>"; };
		BC1D5C5D21F9FD4400187706 /* FeedCollectionViewCell.swift */ = {isa = PBXFileReference; lastKnownFileType = sourcecode.swift; path = FeedCollectionViewCell.swift; sourceTree = "<group>"; };
		BC3A3E2621F845EF00D3E9AF /* CustomTabBarController.swift */ = {isa = PBXFileReference; lastKnownFileType = sourcecode.swift; path = CustomTabBarController.swift; sourceTree = "<group>"; };
		BC3A3E2821F852A000D3E9AF /* CustomTabItem.swift */ = {isa = PBXFileReference; lastKnownFileType = sourcecode.swift; path = CustomTabItem.swift; sourceTree = "<group>"; };
		BC3A3E2A21F85A3300D3E9AF /* CustomTabDelegate.swift */ = {isa = PBXFileReference; lastKnownFileType = sourcecode.swift; path = CustomTabDelegate.swift; sourceTree = "<group>"; };
		BC3A3E2C21F860C900D3E9AF /* PlusTabItem.swift */ = {isa = PBXFileReference; lastKnownFileType = sourcecode.swift; path = PlusTabItem.swift; sourceTree = "<group>"; };
		BC3A3E2E21F892C100D3E9AF /* HomeActionBarView.swift */ = {isa = PBXFileReference; lastKnownFileType = sourcecode.swift; path = HomeActionBarView.swift; sourceTree = "<group>"; };
		BC3A3E3021F8A19200D3E9AF /* SettingsViewController+handlers.swift */ = {isa = PBXFileReference; lastKnownFileType = sourcecode.swift; path = "SettingsViewController+handlers.swift"; sourceTree = "<group>"; };
		BC47D7E921D4D671007127F8 /* LoginViewController+Handlers.swift */ = {isa = PBXFileReference; lastKnownFileType = sourcecode.swift; path = "LoginViewController+Handlers.swift"; sourceTree = "<group>"; };
		BC47D7EC21D510E3007127F8 /* Endpoints.swift */ = {isa = PBXFileReference; lastKnownFileType = sourcecode.swift; path = Endpoints.swift; sourceTree = "<group>"; };
		BC58A2AC21D5F6F400870F24 /* User.swift */ = {isa = PBXFileReference; lastKnownFileType = sourcecode.swift; path = User.swift; sourceTree = "<group>"; };
		BC58A2AE21D5F74700870F24 /* Interest.swift */ = {isa = PBXFileReference; lastKnownFileType = sourcecode.swift; path = Interest.swift; sourceTree = "<group>"; };
		BC58A2B021D5F93200870F24 /* MicroCommunity.swift */ = {isa = PBXFileReference; lastKnownFileType = sourcecode.swift; path = MicroCommunity.swift; sourceTree = "<group>"; };
		BC58A2B521D6014A00870F24 /* ApiRequests.swift */ = {isa = PBXFileReference; lastKnownFileType = sourcecode.swift; path = ApiRequests.swift; sourceTree = "<group>"; };
		BC58A2B821D6325100870F24 /* LocalData.swift */ = {isa = PBXFileReference; lastKnownFileType = sourcecode.swift; path = LocalData.swift; sourceTree = "<group>"; };
		BC58A2BB21D63F9000870F24 /* LocalUserModel.xcdatamodel */ = {isa = PBXFileReference; lastKnownFileType = wrapper.xcdatamodel; path = LocalUserModel.xcdatamodel; sourceTree = "<group>"; };
		BC58A2BD21D664EF00870F24 /* CoreDataUtils.swift */ = {isa = PBXFileReference; lastKnownFileType = sourcecode.swift; path = CoreDataUtils.swift; sourceTree = "<group>"; };
		BC6BA8C621D776080026EB9E /* InterestSelectionViewController.swift */ = {isa = PBXFileReference; lastKnownFileType = sourcecode.swift; path = InterestSelectionViewController.swift; sourceTree = "<group>"; };
		BC6BA8C921D7BE500026EB9E /* AssetsUtil.swift */ = {isa = PBXFileReference; lastKnownFileType = sourcecode.swift; path = AssetsUtil.swift; sourceTree = "<group>"; };
		BC6BA8CB21D7C8CF0026EB9E /* InterestView.swift */ = {isa = PBXFileReference; lastKnownFileType = sourcecode.swift; path = InterestView.swift; sourceTree = "<group>"; };
		BC6BA8D021D7D1D80026EB9E /* InterestIconDelegate.swift */ = {isa = PBXFileReference; lastKnownFileType = sourcecode.swift; path = InterestIconDelegate.swift; sourceTree = "<group>"; };
		BC6BA8D221D7D61D0026EB9E /* InterestViewCollectionView.swift */ = {isa = PBXFileReference; lastKnownFileType = sourcecode.swift; path = InterestViewCollectionView.swift; sourceTree = "<group>"; };
		BC6BA8D421D7E7570026EB9E /* Dimensions.swift */ = {isa = PBXFileReference; lastKnownFileType = sourcecode.swift; path = Dimensions.swift; sourceTree = "<group>"; };
		BCF1F99921FADB3B004C0546 /* FeedItemCellShimmerView.swift */ = {isa = PBXFileReference; lastKnownFileType = sourcecode.swift; path = FeedItemCellShimmerView.swift; sourceTree = "<group>"; };
		BCF1F99B21FADF6F004C0546 /* FeedItemCellMock.swift */ = {isa = PBXFileReference; lastKnownFileType = sourcecode.swift; path = FeedItemCellMock.swift; sourceTree = "<group>"; };
		BCF1F99D21FAE2A1004C0546 /* FeedView.swift */ = {isa = PBXFileReference; lastKnownFileType = sourcecode.swift; path = FeedView.swift; sourceTree = "<group>"; };
		BCF1F99F21FAF1CD004C0546 /* FeedListView.swift */ = {isa = PBXFileReference; lastKnownFileType = sourcecode.swift; path = FeedListView.swift; sourceTree = "<group>"; };
		BCF1F9A121FB082D004C0546 /* FeedListDelegate.swift */ = {isa = PBXFileReference; lastKnownFileType = sourcecode.swift; path = FeedListDelegate.swift; sourceTree = "<group>"; };
		BCF1F9A321FB23BA004C0546 /* FeedsApi.swift */ = {isa = PBXFileReference; lastKnownFileType = sourcecode.swift; path = FeedsApi.swift; sourceTree = "<group>"; };
		BCF1F9A521FB23DE004C0546 /* UserApi.swift */ = {isa = PBXFileReference; lastKnownFileType = sourcecode.swift; path = UserApi.swift; sourceTree = "<group>"; };
		BCF1F9A721FB253D004C0546 /* FeedModel.swift */ = {isa = PBXFileReference; lastKnownFileType = sourcecode.swift; path = FeedModel.swift; sourceTree = "<group>"; };
		BCF2721121D8F33E0081F666 /* InterestSelectionViewController+handlers.swift */ = {isa = PBXFileReference; lastKnownFileType = sourcecode.swift; path = "InterestSelectionViewController+handlers.swift"; sourceTree = "<group>"; };
		BCF2721321D8F7EB0081F666 /* HomeViewController+handlers.swift */ = {isa = PBXFileReference; lastKnownFileType = sourcecode.swift; path = "HomeViewController+handlers.swift"; sourceTree = "<group>"; };
		BCF2E2DE21D3E21400C6A9CB /* Constants.swift */ = {isa = PBXFileReference; lastKnownFileType = sourcecode.swift; path = Constants.swift; sourceTree = "<group>"; };
		BCF2E2E021D3E22800C6A9CB /* SCConfig.swift */ = {isa = PBXFileReference; lastKnownFileType = sourcecode.swift; path = SCConfig.swift; sourceTree = "<group>"; };
		BCF2E2E221D3E28000C6A9CB /* Operations.swift */ = {isa = PBXFileReference; lastKnownFileType = sourcecode.swift; path = Operations.swift; sourceTree = "<group>"; };
		BCF2E2E421D3E2C300C6A9CB /* Auth.swift */ = {isa = PBXFileReference; lastKnownFileType = sourcecode.swift; path = Auth.swift; sourceTree = "<group>"; };
		BCF2E2E621D3E2D000C6A9CB /* SCConnect.swift */ = {isa = PBXFileReference; lastKnownFileType = sourcecode.swift; path = SCConnect.swift; sourceTree = "<group>"; };
		BCF2E2E921D3E71900C6A9CB /* ConfigKeys.swift */ = {isa = PBXFileReference; lastKnownFileType = sourcecode.swift; path = ConfigKeys.swift; sourceTree = "<group>"; };
/* End PBXFileReference section */

/* Begin PBXFrameworksBuildPhase section */
		BC12A67121D22CA600A33112 /* Frameworks */ = {
			isa = PBXFrameworksBuildPhase;
			buildActionMask = 2147483647;
			files = (
				6125F4D84675E728DB0C4AF4 /* Pods_1Ramp.framework in Frameworks */,
			);
			runOnlyForDeploymentPostprocessing = 0;
		};
		BC12A68521D22CA800A33112 /* Frameworks */ = {
			isa = PBXFrameworksBuildPhase;
			buildActionMask = 2147483647;
			files = (
			);
			runOnlyForDeploymentPostprocessing = 0;
		};
/* End PBXFrameworksBuildPhase section */

/* Begin PBXGroup section */
		140703FB8AA56AB0EB707EDD /* Frameworks */ = {
			isa = PBXGroup;
			children = (
				1D5A36680D9162A7E4CAA76B /* Pods_1Ramp.framework */,
			);
			name = Frameworks;
			sourceTree = "<group>";
		};
		BC12A66B21D22CA600A33112 = {
			isa = PBXGroup;
			children = (
				BC12A67621D22CA600A33112 /* 1Ramp */,
				BC12A68B21D22CA800A33112 /* 1RampTests */,
				BC12A67521D22CA600A33112 /* Products */,
				BC35B8742447B50370567F96 /* Pods */,
				140703FB8AA56AB0EB707EDD /* Frameworks */,
			);
			sourceTree = "<group>";
		};
		BC12A67521D22CA600A33112 /* Products */ = {
			isa = PBXGroup;
			children = (
				BC12A67421D22CA600A33112 /* 1Ramp.app */,
				BC12A68821D22CA800A33112 /* 1RampTests.xctest */,
			);
			name = Products;
			sourceTree = "<group>";
		};
		BC12A67621D22CA600A33112 /* 1Ramp */ = {
			isa = PBXGroup;
			children = (
				BC6BA8CF21D7D1C80026EB9E /* protocols */,
				BC6BA8C821D7BB6F0026EB9E /* views */,
				BC58A2B721D6323700870F24 /* local */,
				BC58A2AB21D5F6E300870F24 /* models */,
				BC47D7EB21D50F51007127F8 /* api */,
				BCF2E2BA21D34C3B00C6A9CB /* steemconnect */,
				BC12A69A21D2446100A33112 /* utilities */,
				BC12A69721D23E3D00A33112 /* Controllers */,
				BC12A67721D22CA600A33112 /* AppDelegate.swift */,
				BCF2E2DE21D3E21400C6A9CB /* Constants.swift */,
				BC12A67E21D22CA800A33112 /* Assets.xcassets */,
				BC12A68021D22CA800A33112 /* LaunchScreen.storyboard */,
				BC12A68321D22CA800A33112 /* Info.plist */,
				BC58A2BA21D63F9000870F24 /* LocalUserModel.xcdatamodeld */,
			);
			path = 1Ramp;
			sourceTree = "<group>";
		};
		BC12A68B21D22CA800A33112 /* 1RampTests */ = {
			isa = PBXGroup;
			children = (
				BC12A68C21D22CA800A33112 /* _RampTests.swift */,
				BC12A68E21D22CA800A33112 /* Info.plist */,
			);
			path = 1RampTests;
			sourceTree = "<group>";
		};
		BC12A69721D23E3D00A33112 /* Controllers */ = {
			isa = PBXGroup;
			children = (
				BC12A67921D22CA600A33112 /* LoginViewController.swift */,
				BC12A69821D23E6400A33112 /* SplashController.swift */,
				BC12A69F21D24C1A00A33112 /* HomeViewController.swift */,
				BC6BA8C621D776080026EB9E /* InterestSelectionViewController.swift */,
				BC0AF40B21DA142300D84EDB /* MainController.swift */,
				BC0AF40D21DA157600D84EDB /* ContestViewController.swift */,
				BC0AF40F21DA159E00D84EDB /* ProfileViewController.swift */,
				BC0AF41121DA15BD00D84EDB /* SettingsViewController.swift */,
				BC0AF41321DA202A00D84EDB /* AddButtonController.swift */,
				BC3A3E2621F845EF00D3E9AF /* CustomTabBarController.swift */,
			);
			path = Controllers;
			sourceTree = "<group>";
		};
		BC12A69A21D2446100A33112 /* utilities */ = {
			isa = PBXGroup;
			children = (
				BC12A69B21D2447C00A33112 /* Colors.swift */,
				BC12A69D21D2451100A33112 /* Extensions.swift */,
				BC47D7E921D4D671007127F8 /* LoginViewController+Handlers.swift */,
				BC6BA8C921D7BE500026EB9E /* AssetsUtil.swift */,
				BCF2721121D8F33E0081F666 /* InterestSelectionViewController+handlers.swift */,
				BCF2721321D8F7EB0081F666 /* HomeViewController+handlers.swift */,
				BC3A3E3021F8A19200D3E9AF /* SettingsViewController+handlers.swift */,
				BC1D5C5921F9C06E00187706 /* DefaultHomeInterestFilters.swift */,
			);
			path = utilities;
			sourceTree = "<group>";
		};
		BC35B8742447B50370567F96 /* Pods */ = {
			isa = PBXGroup;
			children = (
				7BABC91F3434B1955F6C472F /* Pods-1Ramp.debug.xcconfig */,
				92071F7823ED052A6704AF3F /* Pods-1Ramp.release.xcconfig */,
			);
			name = Pods;
			sourceTree = "<group>";
		};
		BC47D7EB21D50F51007127F8 /* api */ = {
			isa = PBXGroup;
			children = (
				BC47D7EC21D510E3007127F8 /* Endpoints.swift */,
				BC58A2B521D6014A00870F24 /* ApiRequests.swift */,
				BCF1F9A321FB23BA004C0546 /* FeedsApi.swift */,
				BCF1F9A521FB23DE004C0546 /* UserApi.swift */,
			);
			path = api;
			sourceTree = "<group>";
		};
		BC58A2AB21D5F6E300870F24 /* models */ = {
			isa = PBXGroup;
			children = (
				BC58A2AC21D5F6F400870F24 /* User.swift */,
				BC58A2AE21D5F74700870F24 /* Interest.swift */,
				BC58A2B021D5F93200870F24 /* MicroCommunity.swift */,
				BCF1F9A721FB253D004C0546 /* FeedModel.swift */,
			);
			path = models;
			sourceTree = "<group>";
		};
		BC58A2B721D6323700870F24 /* local */ = {
			isa = PBXGroup;
			children = (
				BC58A2B821D6325100870F24 /* LocalData.swift */,
				BC58A2BD21D664EF00870F24 /* CoreDataUtils.swift */,
			);
			path = local;
			sourceTree = "<group>";
		};
		BC6BA8C821D7BB6F0026EB9E /* views */ = {
			isa = PBXGroup;
			children = (
				BC6BA8CB21D7C8CF0026EB9E /* InterestView.swift */,
				BC6BA8D221D7D61D0026EB9E /* InterestViewCollectionView.swift */,
				BC6BA8D421D7E7570026EB9E /* Dimensions.swift */,
				BC3A3E2821F852A000D3E9AF /* CustomTabItem.swift */,
				BC3A3E2C21F860C900D3E9AF /* PlusTabItem.swift */,
				BC3A3E2E21F892C100D3E9AF /* HomeActionBarView.swift */,
				BC1D5C5321F9887100187706 /* HorizontalInterestsFilterView.swift */,
				BC1D5C5521F9889100187706 /* BaseCustomUIView.swift */,
				BC1D5C5721F990DE00187706 /* HorizontalInterestFilterCollectionViewCell.swift */,
				BC1D5C5D21F9FD4400187706 /* FeedCollectionViewCell.swift */,
				BCF1F99921FADB3B004C0546 /* FeedItemCellShimmerView.swift */,
				BCF1F99B21FADF6F004C0546 /* FeedItemCellMock.swift */,
				BCF1F99D21FAE2A1004C0546 /* FeedView.swift */,
				BCF1F99F21FAF1CD004C0546 /* FeedListView.swift */,
			);
			path = views;
			sourceTree = "<group>";
		};
		BC6BA8CF21D7D1C80026EB9E /* protocols */ = {
			isa = PBXGroup;
			children = (
				BC6BA8D021D7D1D80026EB9E /* InterestIconDelegate.swift */,
				BC3A3E2A21F85A3300D3E9AF /* CustomTabDelegate.swift */,
				BC1D5C5B21F9DB3C00187706 /* HomeFilterDelegate.swift */,
				BCF1F9A121FB082D004C0546 /* FeedListDelegate.swift */,
			);
			path = protocols;
			sourceTree = "<group>";
		};
		BCF2E2BA21D34C3B00C6A9CB /* steemconnect */ = {
			isa = PBXGroup;
			children = (
				BCF2E2E821D3E2D700C6A9CB /* models */,
				BCF2E2E021D3E22800C6A9CB /* SCConfig.swift */,
				BCF2E2E221D3E28000C6A9CB /* Operations.swift */,
				BCF2E2E421D3E2C300C6A9CB /* Auth.swift */,
				BCF2E2E621D3E2D000C6A9CB /* SCConnect.swift */,
				BCF2E2E921D3E71900C6A9CB /* ConfigKeys.swift */,
			);
			path = steemconnect;
			sourceTree = "<group>";
		};
		BCF2E2E821D3E2D700C6A9CB /* models */ = {
			isa = PBXGroup;
			children = (
			);
			path = models;
			sourceTree = "<group>";
		};
/* End PBXGroup section */

/* Begin PBXNativeTarget section */
		BC12A67321D22CA600A33112 /* 1Ramp */ = {
			isa = PBXNativeTarget;
			buildConfigurationList = BC12A69121D22CA800A33112 /* Build configuration list for PBXNativeTarget "1Ramp" */;
			buildPhases = (
				4F8C512FCC3C70508D886F43 /* [CP] Check Pods Manifest.lock */,
				BC12A67021D22CA600A33112 /* Sources */,
				BC12A67121D22CA600A33112 /* Frameworks */,
				BC12A67221D22CA600A33112 /* Resources */,
				F75C1E23457BB57F58FA5244 /* [CP] Embed Pods Frameworks */,
			);
			buildRules = (
			);
			dependencies = (
			);
			name = 1Ramp;
			productName = 1Ramp;
			productReference = BC12A67421D22CA600A33112 /* 1Ramp.app */;
			productType = "com.apple.product-type.application";
		};
		BC12A68721D22CA800A33112 /* 1RampTests */ = {
			isa = PBXNativeTarget;
			buildConfigurationList = BC12A69421D22CA800A33112 /* Build configuration list for PBXNativeTarget "1RampTests" */;
			buildPhases = (
				BC12A68421D22CA800A33112 /* Sources */,
				BC12A68521D22CA800A33112 /* Frameworks */,
				BC12A68621D22CA800A33112 /* Resources */,
			);
			buildRules = (
			);
			dependencies = (
				BC12A68A21D22CA800A33112 /* PBXTargetDependency */,
			);
			name = 1RampTests;
			productName = 1RampTests;
			productReference = BC12A68821D22CA800A33112 /* 1RampTests.xctest */;
			productType = "com.apple.product-type.bundle.unit-test";
		};
/* End PBXNativeTarget section */

/* Begin PBXProject section */
		BC12A66C21D22CA600A33112 /* Project object */ = {
			isa = PBXProject;
			attributes = {
				LastSwiftUpdateCheck = 1010;
				LastUpgradeCheck = 1010;
				ORGANIZATIONNAME = "Hapramp Studios Pvt Ltd.";
				TargetAttributes = {
					BC12A67321D22CA600A33112 = {
						CreatedOnToolsVersion = 10.1;
					};
					BC12A68721D22CA800A33112 = {
						CreatedOnToolsVersion = 10.1;
						TestTargetID = BC12A67321D22CA600A33112;
					};
				};
			};
			buildConfigurationList = BC12A66F21D22CA600A33112 /* Build configuration list for PBXProject "1Ramp" */;
			compatibilityVersion = "Xcode 9.3";
			developmentRegion = en;
			hasScannedForEncodings = 0;
			knownRegions = (
				en,
				Base,
			);
			mainGroup = BC12A66B21D22CA600A33112;
			productRefGroup = BC12A67521D22CA600A33112 /* Products */;
			projectDirPath = "";
			projectRoot = "";
			targets = (
				BC12A67321D22CA600A33112 /* 1Ramp */,
				BC12A68721D22CA800A33112 /* 1RampTests */,
			);
		};
/* End PBXProject section */

/* Begin PBXResourcesBuildPhase section */
		BC12A67221D22CA600A33112 /* Resources */ = {
			isa = PBXResourcesBuildPhase;
			buildActionMask = 2147483647;
			files = (
				BC12A68221D22CA800A33112 /* LaunchScreen.storyboard in Resources */,
				BC12A67F21D22CA800A33112 /* Assets.xcassets in Resources */,
			);
			runOnlyForDeploymentPostprocessing = 0;
		};
		BC12A68621D22CA800A33112 /* Resources */ = {
			isa = PBXResourcesBuildPhase;
			buildActionMask = 2147483647;
			files = (
			);
			runOnlyForDeploymentPostprocessing = 0;
		};
/* End PBXResourcesBuildPhase section */

/* Begin PBXShellScriptBuildPhase section */
		4F8C512FCC3C70508D886F43 /* [CP] Check Pods Manifest.lock */ = {
			isa = PBXShellScriptBuildPhase;
			buildActionMask = 2147483647;
			files = (
			);
			inputFileListPaths = (
			);
			inputPaths = (
				"${PODS_PODFILE_DIR_PATH}/Podfile.lock",
				"${PODS_ROOT}/Manifest.lock",
			);
			name = "[CP] Check Pods Manifest.lock";
			outputFileListPaths = (
			);
			outputPaths = (
				"$(DERIVED_FILE_DIR)/Pods-1Ramp-checkManifestLockResult.txt",
			);
			runOnlyForDeploymentPostprocessing = 0;
			shellPath = /bin/sh;
			shellScript = "diff \"${PODS_PODFILE_DIR_PATH}/Podfile.lock\" \"${PODS_ROOT}/Manifest.lock\" > /dev/null\nif [ $? != 0 ] ; then\n    # print error to STDERR\n    echo \"error: The sandbox is not in sync with the Podfile.lock. Run 'pod install' or update your CocoaPods installation.\" >&2\n    exit 1\nfi\n# This output is used by Xcode 'outputs' to avoid re-running this script phase.\necho \"SUCCESS\" > \"${SCRIPT_OUTPUT_FILE_0}\"\n";
			showEnvVarsInLog = 0;
		};
		F75C1E23457BB57F58FA5244 /* [CP] Embed Pods Frameworks */ = {
			isa = PBXShellScriptBuildPhase;
			buildActionMask = 2147483647;
			files = (
			);
			inputFileListPaths = (
			);
			inputPaths = (
				"${SRCROOT}/Pods/Target Support Files/Pods-1Ramp/Pods-1Ramp-frameworks.sh",
				"${BUILT_PRODUCTS_DIR}/Alamofire/Alamofire.framework",
				"${BUILT_PRODUCTS_DIR}/SDWebImage/SDWebImage.framework",
				"${BUILT_PRODUCTS_DIR}/SVProgressHUD/SVProgressHUD.framework",
				"${BUILT_PRODUCTS_DIR}/SwiftKeychainWrapper/SwiftKeychainWrapper.framework",
				"${BUILT_PRODUCTS_DIR}/SwiftyJSON/SwiftyJSON.framework",
			);
			name = "[CP] Embed Pods Frameworks";
			outputFileListPaths = (
			);
			outputPaths = (
				"${TARGET_BUILD_DIR}/${FRAMEWORKS_FOLDER_PATH}/Alamofire.framework",
				"${TARGET_BUILD_DIR}/${FRAMEWORKS_FOLDER_PATH}/SDWebImage.framework",
				"${TARGET_BUILD_DIR}/${FRAMEWORKS_FOLDER_PATH}/SVProgressHUD.framework",
				"${TARGET_BUILD_DIR}/${FRAMEWORKS_FOLDER_PATH}/SwiftKeychainWrapper.framework",
				"${TARGET_BUILD_DIR}/${FRAMEWORKS_FOLDER_PATH}/SwiftyJSON.framework",
			);
			runOnlyForDeploymentPostprocessing = 0;
			shellPath = /bin/sh;
			shellScript = "\"${SRCROOT}/Pods/Target Support Files/Pods-1Ramp/Pods-1Ramp-frameworks.sh\"\n";
			showEnvVarsInLog = 0;
		};
/* End PBXShellScriptBuildPhase section */

/* Begin PBXSourcesBuildPhase section */
		BC12A67021D22CA600A33112 /* Sources */ = {
			isa = PBXSourcesBuildPhase;
			buildActionMask = 2147483647;
			files = (
				BCF1F99E21FAE2A1004C0546 /* FeedView.swift in Sources */,
				BCF1F9A821FB253D004C0546 /* FeedModel.swift in Sources */,
				BCF2E2E321D3E28000C6A9CB /* Operations.swift in Sources */,
				BCF1F9A021FAF1CD004C0546 /* FeedListView.swift in Sources */,
				BC3A3E2B21F85A3300D3E9AF /* CustomTabDelegate.swift in Sources */,
				BC6BA8C721D776080026EB9E /* InterestSelectionViewController.swift in Sources */,
				BC0AF41221DA15BD00D84EDB /* SettingsViewController.swift in Sources */,
				BC0AF41421DA202A00D84EDB /* AddButtonController.swift in Sources */,
				BC6BA8D321D7D61D0026EB9E /* InterestViewCollectionView.swift in Sources */,
				BC6BA8CA21D7BE500026EB9E /* AssetsUtil.swift in Sources */,
				BC0AF40C21DA142300D84EDB /* MainController.swift in Sources */,
				BC58A2B621D6014A00870F24 /* ApiRequests.swift in Sources */,
				BC0AF41021DA159E00D84EDB /* ProfileViewController.swift in Sources */,
				BC47D7EA21D4D671007127F8 /* LoginViewController+Handlers.swift in Sources */,
				BC58A2AF21D5F74700870F24 /* Interest.swift in Sources */,
				BC58A2B921D6325100870F24 /* LocalData.swift in Sources */,
				BC12A69E21D2451100A33112 /* Extensions.swift in Sources */,
				BCF2721221D8F33E0081F666 /* InterestSelectionViewController+handlers.swift in Sources */,
				BC12A67A21D22CA600A33112 /* LoginViewController.swift in Sources */,
				BC12A69C21D2447C00A33112 /* Colors.swift in Sources */,
				BC6BA8D521D7E7570026EB9E /* Dimensions.swift in Sources */,
				BCF2721421D8F7EB0081F666 /* HomeViewController+handlers.swift in Sources */,
				BC58A2AD21D5F6F400870F24 /* User.swift in Sources */,
				BC3A3E2D21F860C900D3E9AF /* PlusTabItem.swift in Sources */,
				BC1D5C5A21F9C06E00187706 /* DefaultHomeInterestFilters.swift in Sources */,
				BC1D5C5821F990DE00187706 /* HorizontalInterestFilterCollectionViewCell.swift in Sources */,
				BC12A67821D22CA600A33112 /* AppDelegate.swift in Sources */,
				BCF1F9A421FB23BA004C0546 /* FeedsApi.swift in Sources */,
				BC58A2BC21D63F9000870F24 /* LocalUserModel.xcdatamodeld in Sources */,
				BC1D5C5C21F9DB3C00187706 /* HomeFilterDelegate.swift in Sources */,
				BCF1F99A21FADB3B004C0546 /* FeedItemCellShimmerView.swift in Sources */,
				BC6BA8CC21D7C8CF0026EB9E /* InterestView.swift in Sources */,
				BC3A3E2721F845EF00D3E9AF /* CustomTabBarController.swift in Sources */,
				BCF2E2EA21D3E71900C6A9CB /* ConfigKeys.swift in Sources */,
				BCF1F99C21FADF6F004C0546 /* FeedItemCellMock.swift in Sources */,
				BC1D5C5E21F9FD4400187706 /* FeedCollectionViewCell.swift in Sources */,
				BCF2E2E521D3E2C300C6A9CB /* Auth.swift in Sources */,
				BC1D5C5421F9887100187706 /* HorizontalInterestsFilterView.swift in Sources */,
				BCF1F9A221FB082D004C0546 /* FeedListDelegate.swift in Sources */,
				BCF2E2DF21D3E21400C6A9CB /* Constants.swift in Sources */,
				BC3A3E3121F8A19200D3E9AF /* SettingsViewController+handlers.swift in Sources */,
				BCF2E2E721D3E2D000C6A9CB /* SCConnect.swift in Sources */,
				BCF2E2E121D3E22800C6A9CB /* SCConfig.swift in Sources */,
				BC12A69921D23E6400A33112 /* SplashController.swift in Sources */,
				BC58A2BE21D664EF00870F24 /* CoreDataUtils.swift in Sources */,
				BC6BA8D121D7D1D80026EB9E /* InterestIconDelegate.swift in Sources */,
				BC3A3E2921F852A000D3E9AF /* CustomTabItem.swift in Sources */,
				BC47D7ED21D510E3007127F8 /* Endpoints.swift in Sources */,
				BCF1F9A621FB23DE004C0546 /* UserApi.swift in Sources */,
				BC58A2B121D5F93200870F24 /* MicroCommunity.swift in Sources */,
				BC12A6A021D24C1A00A33112 /* HomeViewController.swift in Sources */,
				BC0AF40E21DA157600D84EDB /* ContestViewController.swift in Sources */,
				BC1D5C5621F9889100187706 /* BaseCustomUIView.swift in Sources */,
				BC3A3E2F21F892C100D3E9AF /* HomeActionBarView.swift in Sources */,
			);
			runOnlyForDeploymentPostprocessing = 0;
		};
		BC12A68421D22CA800A33112 /* Sources */ = {
			isa = PBXSourcesBuildPhase;
			buildActionMask = 2147483647;
			files = (
				BC12A68D21D22CA800A33112 /* _RampTests.swift in Sources */,
			);
			runOnlyForDeploymentPostprocessing = 0;
		};
/* End PBXSourcesBuildPhase section */

/* Begin PBXTargetDependency section */
		BC12A68A21D22CA800A33112 /* PBXTargetDependency */ = {
			isa = PBXTargetDependency;
			target = BC12A67321D22CA600A33112 /* 1Ramp */;
			targetProxy = BC12A68921D22CA800A33112 /* PBXContainerItemProxy */;
		};
/* End PBXTargetDependency section */

/* Begin PBXVariantGroup section */
		BC12A68021D22CA800A33112 /* LaunchScreen.storyboard */ = {
			isa = PBXVariantGroup;
			children = (
				BC12A68121D22CA800A33112 /* Base */,
			);
			name = LaunchScreen.storyboard;
			sourceTree = "<group>";
		};
/* End PBXVariantGroup section */

/* Begin XCBuildConfiguration section */
		BC12A68F21D22CA800A33112 /* Debug */ = {
			isa = XCBuildConfiguration;
			buildSettings = {
				ALWAYS_SEARCH_USER_PATHS = NO;
				CLANG_ANALYZER_NONNULL = YES;
				CLANG_ANALYZER_NUMBER_OBJECT_CONVERSION = YES_AGGRESSIVE;
				CLANG_CXX_LANGUAGE_STANDARD = "gnu++14";
				CLANG_CXX_LIBRARY = "libc++";
				CLANG_ENABLE_MODULES = YES;
				CLANG_ENABLE_OBJC_ARC = YES;
				CLANG_ENABLE_OBJC_WEAK = YES;
				CLANG_WARN_BLOCK_CAPTURE_AUTORELEASING = YES;
				CLANG_WARN_BOOL_CONVERSION = YES;
				CLANG_WARN_COMMA = YES;
				CLANG_WARN_CONSTANT_CONVERSION = YES;
				CLANG_WARN_DEPRECATED_OBJC_IMPLEMENTATIONS = YES;
				CLANG_WARN_DIRECT_OBJC_ISA_USAGE = YES_ERROR;
				CLANG_WARN_DOCUMENTATION_COMMENTS = YES;
				CLANG_WARN_EMPTY_BODY = YES;
				CLANG_WARN_ENUM_CONVERSION = YES;
				CLANG_WARN_INFINITE_RECURSION = YES;
				CLANG_WARN_INT_CONVERSION = YES;
				CLANG_WARN_NON_LITERAL_NULL_CONVERSION = YES;
				CLANG_WARN_OBJC_IMPLICIT_RETAIN_SELF = YES;
				CLANG_WARN_OBJC_LITERAL_CONVERSION = YES;
				CLANG_WARN_OBJC_ROOT_CLASS = YES_ERROR;
				CLANG_WARN_RANGE_LOOP_ANALYSIS = YES;
				CLANG_WARN_STRICT_PROTOTYPES = YES;
				CLANG_WARN_SUSPICIOUS_MOVE = YES;
				CLANG_WARN_UNGUARDED_AVAILABILITY = YES_AGGRESSIVE;
				CLANG_WARN_UNREACHABLE_CODE = YES;
				CLANG_WARN__DUPLICATE_METHOD_MATCH = YES;
				CODE_SIGN_IDENTITY = "iPhone Developer";
				COPY_PHASE_STRIP = NO;
				DEBUG_INFORMATION_FORMAT = dwarf;
				ENABLE_STRICT_OBJC_MSGSEND = YES;
				ENABLE_TESTABILITY = YES;
				GCC_C_LANGUAGE_STANDARD = gnu11;
				GCC_DYNAMIC_NO_PIC = NO;
				GCC_NO_COMMON_BLOCKS = YES;
				GCC_OPTIMIZATION_LEVEL = 0;
				GCC_PREPROCESSOR_DEFINITIONS = (
					"DEBUG=1",
					"$(inherited)",
				);
				GCC_WARN_64_TO_32_BIT_CONVERSION = YES;
				GCC_WARN_ABOUT_RETURN_TYPE = YES_ERROR;
				GCC_WARN_UNDECLARED_SELECTOR = YES;
				GCC_WARN_UNINITIALIZED_AUTOS = YES_AGGRESSIVE;
				GCC_WARN_UNUSED_FUNCTION = YES;
				GCC_WARN_UNUSED_VARIABLE = YES;
				IPHONEOS_DEPLOYMENT_TARGET = 12.1;
				MTL_ENABLE_DEBUG_INFO = INCLUDE_SOURCE;
				MTL_FAST_MATH = YES;
				ONLY_ACTIVE_ARCH = YES;
				SDKROOT = iphoneos;
				SWIFT_ACTIVE_COMPILATION_CONDITIONS = DEBUG;
				SWIFT_OPTIMIZATION_LEVEL = "-Onone";
			};
			name = Debug;
		};
		BC12A69021D22CA800A33112 /* Release */ = {
			isa = XCBuildConfiguration;
			buildSettings = {
				ALWAYS_SEARCH_USER_PATHS = NO;
				CLANG_ANALYZER_NONNULL = YES;
				CLANG_ANALYZER_NUMBER_OBJECT_CONVERSION = YES_AGGRESSIVE;
				CLANG_CXX_LANGUAGE_STANDARD = "gnu++14";
				CLANG_CXX_LIBRARY = "libc++";
				CLANG_ENABLE_MODULES = YES;
				CLANG_ENABLE_OBJC_ARC = YES;
				CLANG_ENABLE_OBJC_WEAK = YES;
				CLANG_WARN_BLOCK_CAPTURE_AUTORELEASING = YES;
				CLANG_WARN_BOOL_CONVERSION = YES;
				CLANG_WARN_COMMA = YES;
				CLANG_WARN_CONSTANT_CONVERSION = YES;
				CLANG_WARN_DEPRECATED_OBJC_IMPLEMENTATIONS = YES;
				CLANG_WARN_DIRECT_OBJC_ISA_USAGE = YES_ERROR;
				CLANG_WARN_DOCUMENTATION_COMMENTS = YES;
				CLANG_WARN_EMPTY_BODY = YES;
				CLANG_WARN_ENUM_CONVERSION = YES;
				CLANG_WARN_INFINITE_RECURSION = YES;
				CLANG_WARN_INT_CONVERSION = YES;
				CLANG_WARN_NON_LITERAL_NULL_CONVERSION = YES;
				CLANG_WARN_OBJC_IMPLICIT_RETAIN_SELF = YES;
				CLANG_WARN_OBJC_LITERAL_CONVERSION = YES;
				CLANG_WARN_OBJC_ROOT_CLASS = YES_ERROR;
				CLANG_WARN_RANGE_LOOP_ANALYSIS = YES;
				CLANG_WARN_STRICT_PROTOTYPES = YES;
				CLANG_WARN_SUSPICIOUS_MOVE = YES;
				CLANG_WARN_UNGUARDED_AVAILABILITY = YES_AGGRESSIVE;
				CLANG_WARN_UNREACHABLE_CODE = YES;
				CLANG_WARN__DUPLICATE_METHOD_MATCH = YES;
				CODE_SIGN_IDENTITY = "iPhone Developer";
				COPY_PHASE_STRIP = NO;
				DEBUG_INFORMATION_FORMAT = "dwarf-with-dsym";
				ENABLE_NS_ASSERTIONS = NO;
				ENABLE_STRICT_OBJC_MSGSEND = YES;
				GCC_C_LANGUAGE_STANDARD = gnu11;
				GCC_NO_COMMON_BLOCKS = YES;
				GCC_WARN_64_TO_32_BIT_CONVERSION = YES;
				GCC_WARN_ABOUT_RETURN_TYPE = YES_ERROR;
				GCC_WARN_UNDECLARED_SELECTOR = YES;
				GCC_WARN_UNINITIALIZED_AUTOS = YES_AGGRESSIVE;
				GCC_WARN_UNUSED_FUNCTION = YES;
				GCC_WARN_UNUSED_VARIABLE = YES;
				IPHONEOS_DEPLOYMENT_TARGET = 12.1;
				MTL_ENABLE_DEBUG_INFO = NO;
				MTL_FAST_MATH = YES;
				SDKROOT = iphoneos;
				SWIFT_COMPILATION_MODE = wholemodule;
				SWIFT_OPTIMIZATION_LEVEL = "-O";
				VALIDATE_PRODUCT = YES;
			};
			name = Release;
		};
		BC12A69221D22CA800A33112 /* Debug */ = {
			isa = XCBuildConfiguration;
			baseConfigurationReference = 7BABC91F3434B1955F6C472F /* Pods-1Ramp.debug.xcconfig */;
			buildSettings = {
				ASSETCATALOG_COMPILER_APPICON_NAME = AppIcon;
				CODE_SIGN_STYLE = Automatic;
				DEVELOPMENT_TEAM = 87W839TD2D;
				FRAMEWORK_SEARCH_PATHS = (
					"$(inherited)",
					"$(PROJECT_DIR)/Carthage/Build/iOS",
					"\"${PODS_ROOT}/BuildHeaders\"/**",
				);
				INFOPLIST_FILE = 1Ramp/Info.plist;
				LD_RUNPATH_SEARCH_PATHS = (
					"$(inherited)",
					"@executable_path/Frameworks",
				);
				PRODUCT_BUNDLE_IDENTIFIER = com.1ramp.Ramp;
				PRODUCT_NAME = "$(TARGET_NAME)";
				SWIFT_VERSION = 4.2;
				TARGETED_DEVICE_FAMILY = "1,2";
			};
			name = Debug;
		};
		BC12A69321D22CA800A33112 /* Release */ = {
			isa = XCBuildConfiguration;
			baseConfigurationReference = 92071F7823ED052A6704AF3F /* Pods-1Ramp.release.xcconfig */;
			buildSettings = {
				ASSETCATALOG_COMPILER_APPICON_NAME = AppIcon;
				CODE_SIGN_STYLE = Automatic;
				DEVELOPMENT_TEAM = 87W839TD2D;
				FRAMEWORK_SEARCH_PATHS = (
					"$(inherited)",
					"$(PROJECT_DIR)/Carthage/Build/iOS",
					"\"${PODS_ROOT}/BuildHeaders\"/**",
				);
				INFOPLIST_FILE = 1Ramp/Info.plist;
				LD_RUNPATH_SEARCH_PATHS = (
					"$(inherited)",
					"@executable_path/Frameworks",
				);
				PRODUCT_BUNDLE_IDENTIFIER = com.1ramp.Ramp;
				PRODUCT_NAME = "$(TARGET_NAME)";
				SWIFT_VERSION = 4.2;
				TARGETED_DEVICE_FAMILY = "1,2";
			};
			name = Release;
		};
		BC12A69521D22CA800A33112 /* Debug */ = {
			isa = XCBuildConfiguration;
			buildSettings = {
				ALWAYS_EMBED_SWIFT_STANDARD_LIBRARIES = YES;
				BUNDLE_LOADER = "$(TEST_HOST)";
				CODE_SIGN_STYLE = Automatic;
				INFOPLIST_FILE = 1RampTests/Info.plist;
				LD_RUNPATH_SEARCH_PATHS = (
					"$(inherited)",
					"@executable_path/Frameworks",
					"@loader_path/Frameworks",
				);
				PRODUCT_BUNDLE_IDENTIFIER = "com.1ramp.-RampTests";
				PRODUCT_NAME = "$(TARGET_NAME)";
				SWIFT_VERSION = 4.2;
				TARGETED_DEVICE_FAMILY = "1,2";
				TEST_HOST = "$(BUILT_PRODUCTS_DIR)/1Ramp.app/1Ramp";
			};
			name = Debug;
		};
		BC12A69621D22CA800A33112 /* Release */ = {
			isa = XCBuildConfiguration;
			buildSettings = {
				ALWAYS_EMBED_SWIFT_STANDARD_LIBRARIES = YES;
				BUNDLE_LOADER = "$(TEST_HOST)";
				CODE_SIGN_STYLE = Automatic;
				INFOPLIST_FILE = 1RampTests/Info.plist;
				LD_RUNPATH_SEARCH_PATHS = (
					"$(inherited)",
					"@executable_path/Frameworks",
					"@loader_path/Frameworks",
				);
				PRODUCT_BUNDLE_IDENTIFIER = "com.1ramp.-RampTests";
				PRODUCT_NAME = "$(TARGET_NAME)";
				SWIFT_VERSION = 4.2;
				TARGETED_DEVICE_FAMILY = "1,2";
				TEST_HOST = "$(BUILT_PRODUCTS_DIR)/1Ramp.app/1Ramp";
			};
			name = Release;
		};
/* End XCBuildConfiguration section */

/* Begin XCConfigurationList section */
		BC12A66F21D22CA600A33112 /* Build configuration list for PBXProject "1Ramp" */ = {
			isa = XCConfigurationList;
			buildConfigurations = (
				BC12A68F21D22CA800A33112 /* Debug */,
				BC12A69021D22CA800A33112 /* Release */,
			);
			defaultConfigurationIsVisible = 0;
			defaultConfigurationName = Release;
		};
		BC12A69121D22CA800A33112 /* Build configuration list for PBXNativeTarget "1Ramp" */ = {
			isa = XCConfigurationList;
			buildConfigurations = (
				BC12A69221D22CA800A33112 /* Debug */,
				BC12A69321D22CA800A33112 /* Release */,
			);
			defaultConfigurationIsVisible = 0;
			defaultConfigurationName = Release;
		};
		BC12A69421D22CA800A33112 /* Build configuration list for PBXNativeTarget "1RampTests" */ = {
			isa = XCConfigurationList;
			buildConfigurations = (
				BC12A69521D22CA800A33112 /* Debug */,
				BC12A69621D22CA800A33112 /* Release */,
			);
			defaultConfigurationIsVisible = 0;
			defaultConfigurationName = Release;
		};
/* End XCConfigurationList section */

/* Begin XCVersionGroup section */
		BC58A2BA21D63F9000870F24 /* LocalUserModel.xcdatamodeld */ = {
			isa = XCVersionGroup;
			children = (
				BC58A2BB21D63F9000870F24 /* LocalUserModel.xcdatamodel */,
			);
			currentVersion = BC58A2BB21D63F9000870F24 /* LocalUserModel.xcdatamodel */;
			path = LocalUserModel.xcdatamodeld;
			sourceTree = "<group>";
			versionGroupType = wrapper.xcdatamodel;
		};
/* End XCVersionGroup section */
	};
	rootObject = BC12A66C21D22CA600A33112 /* Project object */;
}
